// !$*UTF8*$!
{
	archiveVersion = 1;
	classes = {
	};
	objectVersion = 50;
	objects = {

/* Begin PBXBuildFile section */
		2B77D39E25E3EFC400376E38 /* TestAppApp.swift in Sources */ = {isa = PBXBuildFile; fileRef = 2B77D39D25E3EFC400376E38 /* TestAppApp.swift */; };
		2B77D3A025E3EFC400376E38 /* LandmarkDetail.swift in Sources */ = {isa = PBXBuildFile; fileRef = 2B77D39F25E3EFC400376E38 /* LandmarkDetail.swift */; };
		2B77D3A225E3EFC500376E38 /* Assets.xcassets in Resources */ = {isa = PBXBuildFile; fileRef = 2B77D3A125E3EFC500376E38 /* Assets.xcassets */; };
		2B77D3A525E3EFC500376E38 /* Preview Assets.xcassets in Resources */ = {isa = PBXBuildFile; fileRef = 2B77D3A425E3EFC500376E38 /* Preview Assets.xcassets */; };
		2BD03E06260093D900FF1DDC /* Badge.swift in Sources */ = {isa = PBXBuildFile; fileRef = 2BD03E05260093D900FF1DDC /* Badge.swift */; };
		2BD03E0B2600954400FF1DDC /* HexagonParameters.swift in Sources */ = {isa = PBXBuildFile; fileRef = 2BD03E0A2600954400FF1DDC /* HexagonParameters.swift */; };
		2BF143F625F74561002B07D2 /* Resources.xcassets in Resources */ = {isa = PBXBuildFile; fileRef = 2BF143F525F74561002B07D2 /* Resources.xcassets */; };
		2BF1440325F7470A002B07D2 /* CircleImage.swift in Sources */ = {isa = PBXBuildFile; fileRef = 2BF1440225F7470A002B07D2 /* CircleImage.swift */; };
		2BF1440825F7490D002B07D2 /* MapView.swift in Sources */ = {isa = PBXBuildFile; fileRef = 2BF1440725F7490D002B07D2 /* MapView.swift */; };
		2BF1441825F75561002B07D2 /* Landmark.swift in Sources */ = {isa = PBXBuildFile; fileRef = 2BF1441625F75561002B07D2 /* Landmark.swift */; };
		2BF1442D25F756A8002B07D2 /* turtlerock.jpg in Resources */ = {isa = PBXBuildFile; fileRef = 2BF1442025F756A8002B07D2 /* turtlerock.jpg */; };
		2BF1442E25F756A8002B07D2 /* chilkoottrail.jpg in Resources */ = {isa = PBXBuildFile; fileRef = 2BF1442125F756A8002B07D2 /* chilkoottrail.jpg */; };
		2BF1442F25F756A8002B07D2 /* landmarkData.json in Resources */ = {isa = PBXBuildFile; fileRef = 2BF1442225F756A8002B07D2 /* landmarkData.json */; };
		2BF1443025F756A8002B07D2 /* silversalmoncreek.jpg in Resources */ = {isa = PBXBuildFile; fileRef = 2BF1442325F756A8002B07D2 /* silversalmoncreek.jpg */; };
		2BF1443125F756A8002B07D2 /* umbagog.jpg in Resources */ = {isa = PBXBuildFile; fileRef = 2BF1442425F756A8002B07D2 /* umbagog.jpg */; };
		2BF1443225F756A8002B07D2 /* stmarylake.jpg in Resources */ = {isa = PBXBuildFile; fileRef = 2BF1442525F756A8002B07D2 /* stmarylake.jpg */; };
		2BF1443325F756A8002B07D2 /* icybay.jpg in Resources */ = {isa = PBXBuildFile; fileRef = 2BF1442625F756A8002B07D2 /* icybay.jpg */; };
		2BF1443425F756A8002B07D2 /* hiddenlake.jpg in Resources */ = {isa = PBXBuildFile; fileRef = 2BF1442725F756A8002B07D2 /* hiddenlake.jpg */; };
		2BF1443525F756A8002B07D2 /* rainbowlake.jpg in Resources */ = {isa = PBXBuildFile; fileRef = 2BF1442825F756A8002B07D2 /* rainbowlake.jpg */; };
		2BF1443625F756A8002B07D2 /* chincoteague.jpg in Resources */ = {isa = PBXBuildFile; fileRef = 2BF1442925F756A8002B07D2 /* chincoteague.jpg */; };
		2BF1443725F756A8002B07D2 /* yukon_charleyrivers.jpg in Resources */ = {isa = PBXBuildFile; fileRef = 2BF1442A25F756A8002B07D2 /* yukon_charleyrivers.jpg */; };
		2BF1443825F756A8002B07D2 /* twinlake.jpg in Resources */ = {isa = PBXBuildFile; fileRef = 2BF1442B25F756A8002B07D2 /* twinlake.jpg */; };
		2BF1443925F756A8002B07D2 /* lakemcdonald.jpg in Resources */ = {isa = PBXBuildFile; fileRef = 2BF1442C25F756A8002B07D2 /* lakemcdonald.jpg */; };
		2BF1444225F75F34002B07D2 /* LandmarkRow.swift in Sources */ = {isa = PBXBuildFile; fileRef = 2BF1444125F75F34002B07D2 /* LandmarkRow.swift */; };
		2BF1444925F7642B002B07D2 /* Data.swift in Sources */ = {isa = PBXBuildFile; fileRef = 2BF1441725F75561002B07D2 /* Data.swift */; };
		2BF1444E25F7669E002B07D2 /* LandmarkList.swift in Sources */ = {isa = PBXBuildFile; fileRef = 2BF1444D25F7669E002B07D2 /* LandmarkList.swift */; };
		2BF1445325F9F052002B07D2 /* UserData.swift in Sources */ = {isa = PBXBuildFile; fileRef = 2BF1445225F9F052002B07D2 /* UserData.swift */; };
/* End PBXBuildFile section */

/* Begin PBXFileReference section */
		2B77D39A25E3EFC400376E38 /* TestApp.app */ = {isa = PBXFileReference; explicitFileType = wrapper.application; includeInIndex = 0; path = TestApp.app; sourceTree = BUILT_PRODUCTS_DIR; };
		2B77D39D25E3EFC400376E38 /* TestAppApp.swift */ = {isa = PBXFileReference; lastKnownFileType = sourcecode.swift; path = TestAppApp.swift; sourceTree = "<group>"; };
		2B77D39F25E3EFC400376E38 /* LandmarkDetail.swift */ = {isa = PBXFileReference; lastKnownFileType = sourcecode.swift; path = LandmarkDetail.swift; sourceTree = "<group>"; };
		2B77D3A125E3EFC500376E38 /* Assets.xcassets */ = {isa = PBXFileReference; lastKnownFileType = folder.assetcatalog; path = Assets.xcassets; sourceTree = "<group>"; };
		2B77D3A425E3EFC500376E38 /* Preview Assets.xcassets */ = {isa = PBXFileReference; lastKnownFileType = folder.assetcatalog; path = "Preview Assets.xcassets"; sourceTree = "<group>"; };
		2B77D3A625E3EFC500376E38 /* Info.plist */ = {isa = PBXFileReference; lastKnownFileType = text.plist.xml; path = Info.plist; sourceTree = "<group>"; };
		2BD03E05260093D900FF1DDC /* Badge.swift */ = {isa = PBXFileReference; lastKnownFileType = sourcecode.swift; path = Badge.swift; sourceTree = "<group>"; };
		2BD03E0A2600954400FF1DDC /* HexagonParameters.swift */ = {isa = PBXFileReference; lastKnownFileType = sourcecode.swift; path = HexagonParameters.swift; sourceTree = "<group>"; };
		2BF143F525F74561002B07D2 /* Resources.xcassets */ = {isa = PBXFileReference; lastKnownFileType = folder.assetcatalog; path = Resources.xcassets; sourceTree = "<group>"; };
		2BF1440225F7470A002B07D2 /* CircleImage.swift */ = {isa = PBXFileReference; lastKnownFileType = sourcecode.swift; path = CircleImage.swift; sourceTree = "<group>"; };
		2BF1440725F7490D002B07D2 /* MapView.swift */ = {isa = PBXFileReference; lastKnownFileType = sourcecode.swift; path = MapView.swift; sourceTree = "<group>"; };
		2BF1441625F75561002B07D2 /* Landmark.swift */ = {isa = PBXFileReference; fileEncoding = 4; lastKnownFileType = sourcecode.swift; path = Landmark.swift; sourceTree = "<group>"; };
		2BF1441725F75561002B07D2 /* Data.swift */ = {isa = PBXFileReference; fileEncoding = 4; lastKnownFileType = sourcecode.swift; path = Data.swift; sourceTree = "<group>"; };
		2BF1442025F756A8002B07D2 /* turtlerock.jpg */ = {isa = PBXFileReference; lastKnownFileType = image.jpeg; path = turtlerock.jpg; sourceTree = "<group>"; };
		2BF1442125F756A8002B07D2 /* chilkoottrail.jpg */ = {isa = PBXFileReference; lastKnownFileType = image.jpeg; path = chilkoottrail.jpg; sourceTree = "<group>"; };
		2BF1442225F756A8002B07D2 /* landmarkData.json */ = {isa = PBXFileReference; fileEncoding = 4; lastKnownFileType = text.json; path = landmarkData.json; sourceTree = "<group>"; };
		2BF1442325F756A8002B07D2 /* silversalmoncreek.jpg */ = {isa = PBXFileReference; lastKnownFileType = image.jpeg; path = silversalmoncreek.jpg; sourceTree = "<group>"; };
		2BF1442425F756A8002B07D2 /* umbagog.jpg */ = {isa = PBXFileReference; lastKnownFileType = image.jpeg; path = umbagog.jpg; sourceTree = "<group>"; };
		2BF1442525F756A8002B07D2 /* stmarylake.jpg */ = {isa = PBXFileReference; lastKnownFileType = image.jpeg; path = stmarylake.jpg; sourceTree = "<group>"; };
		2BF1442625F756A8002B07D2 /* icybay.jpg */ = {isa = PBXFileReference; lastKnownFileType = image.jpeg; path = icybay.jpg; sourceTree = "<group>"; };
		2BF1442725F756A8002B07D2 /* hiddenlake.jpg */ = {isa = PBXFileReference; lastKnownFileType = image.jpeg; path = hiddenlake.jpg; sourceTree = "<group>"; };
		2BF1442825F756A8002B07D2 /* rainbowlake.jpg */ = {isa = PBXFileReference; lastKnownFileType = image.jpeg; path = rainbowlake.jpg; sourceTree = "<group>"; };
		2BF1442925F756A8002B07D2 /* chincoteague.jpg */ = {isa = PBXFileReference; lastKnownFileType = image.jpeg; path = chincoteague.jpg; sourceTree = "<group>"; };
		2BF1442A25F756A8002B07D2 /* yukon_charleyrivers.jpg */ = {isa = PBXFileReference; lastKnownFileType = image.jpeg; path = yukon_charleyrivers.jpg; sourceTree = "<group>"; };
		2BF1442B25F756A8002B07D2 /* twinlake.jpg */ = {isa = PBXFileReference; lastKnownFileType = image.jpeg; path = twinlake.jpg; sourceTree = "<group>"; };
		2BF1442C25F756A8002B07D2 /* lakemcdonald.jpg */ = {isa = PBXFileReference; lastKnownFileType = image.jpeg; path = lakemcdonald.jpg; sourceTree = "<group>"; };
		2BF1444125F75F34002B07D2 /* LandmarkRow.swift */ = {isa = PBXFileReference; lastKnownFileType = sourcecode.swift; path = LandmarkRow.swift; sourceTree = "<group>"; };
		2BF1444D25F7669E002B07D2 /* LandmarkList.swift */ = {isa = PBXFileReference; lastKnownFileType = sourcecode.swift; path = LandmarkList.swift; sourceTree = "<group>"; };
		2BF1445225F9F052002B07D2 /* UserData.swift */ = {isa = PBXFileReference; lastKnownFileType = sourcecode.swift; path = UserData.swift; sourceTree = "<group>"; };
/* End PBXFileReference section */

/* Begin PBXFrameworksBuildPhase section */
		2B77D39725E3EFC400376E38 /* Frameworks */ = {
			isa = PBXFrameworksBuildPhase;
			buildActionMask = 2147483647;
			files = (
			);
			runOnlyForDeploymentPostprocessing = 0;
		};
/* End PBXFrameworksBuildPhase section */

/* Begin PBXGroup section */
		2B77D39125E3EFC400376E38 = {
			isa = PBXGroup;
			children = (
				2B77D39C25E3EFC400376E38 /* TestApp */,
				2B77D39B25E3EFC400376E38 /* Products */,
			);
			sourceTree = "<group>";
		};
		2B77D39B25E3EFC400376E38 /* Products */ = {
			isa = PBXGroup;
			children = (
				2B77D39A25E3EFC400376E38 /* TestApp.app */,
			);
			name = Products;
			sourceTree = "<group>";
		};
		2B77D39C25E3EFC400376E38 /* TestApp */ = {
			isa = PBXGroup;
			children = (
				2B77D3A125E3EFC500376E38 /* Assets.xcassets */,
				2BF1440225F7470A002B07D2 /* CircleImage.swift */,
				2B77D39F25E3EFC400376E38 /* LandmarkDetail.swift */,
				2B77D3A625E3EFC500376E38 /* Info.plist */,
				2BF1440725F7490D002B07D2 /* MapView.swift */,
				2BF1440D25F754D0002B07D2 /* Models */,
				2B77D3A325E3EFC500376E38 /* Preview Content */,
				2BF1441F25F75626002B07D2 /* Resources */,
				2BF143F525F74561002B07D2 /* Resources.xcassets */,
				2B77D39D25E3EFC400376E38 /* TestAppApp.swift */,
				2BF1444125F75F34002B07D2 /* LandmarkRow.swift */,
				2BF1444D25F7669E002B07D2 /* LandmarkList.swift */,
				2BD03E05260093D900FF1DDC /* Badge.swift */,
				2BD03E0A2600954400FF1DDC /* HexagonParameters.swift */,
			);
			path = TestApp;
			sourceTree = "<group>";
		};
		2B77D3A325E3EFC500376E38 /* Preview Content */ = {
			isa = PBXGroup;
			children = (
				2B77D3A425E3EFC500376E38 /* Preview Assets.xcassets */,
			);
			path = "Preview Content";
			sourceTree = "<group>";
		};
		2BF1440D25F754D0002B07D2 /* Models */ = {
			isa = PBXGroup;
			children = (
				2BF1441725F75561002B07D2 /* Data.swift */,
				2BF1441625F75561002B07D2 /* Landmark.swift */,
				2BF1445225F9F052002B07D2 /* UserData.swift */,
			);
			path = Models;
			sourceTree = "<group>";
		};
		2BF1441F25F75626002B07D2 /* Resources */ = {
			isa = PBXGroup;
			children = (
				2BF1442125F756A8002B07D2 /* chilkoottrail.jpg */,
				2BF1442925F756A8002B07D2 /* chincoteague.jpg */,
				2BF1442725F756A8002B07D2 /* hiddenlake.jpg */,
				2BF1442625F756A8002B07D2 /* icybay.jpg */,
				2BF1442C25F756A8002B07D2 /* lakemcdonald.jpg */,
				2BF1442225F756A8002B07D2 /* landmarkData.json */,
				2BF1442825F756A8002B07D2 /* rainbowlake.jpg */,
				2BF1442325F756A8002B07D2 /* silversalmoncreek.jpg */,
				2BF1442525F756A8002B07D2 /* stmarylake.jpg */,
				2BF1442025F756A8002B07D2 /* turtlerock.jpg */,
				2BF1442B25F756A8002B07D2 /* twinlake.jpg */,
				2BF1442425F756A8002B07D2 /* umbagog.jpg */,
				2BF1442A25F756A8002B07D2 /* yukon_charleyrivers.jpg */,
			);
			path = Resources;
			sourceTree = "<group>";
		};
/* End PBXGroup section */

/* Begin PBXNativeTarget section */
		2B77D39925E3EFC400376E38 /* TestApp */ = {
			isa = PBXNativeTarget;
			buildConfigurationList = 2B77D3BF25E3EFC600376E38 /* Build configuration list for PBXNativeTarget "TestApp" */;
			buildPhases = (
				2B77D39625E3EFC400376E38 /* Sources */,
				2B77D39725E3EFC400376E38 /* Frameworks */,
				2B77D39825E3EFC400376E38 /* Resources */,
			);
			buildRules = (
			);
			dependencies = (
			);
			name = TestApp;
			productName = TestApp;
			productReference = 2B77D39A25E3EFC400376E38 /* TestApp.app */;
			productType = "com.apple.product-type.application";
		};
/* End PBXNativeTarget section */

/* Begin PBXProject section */
		2B77D39225E3EFC400376E38 /* Project object */ = {
			isa = PBXProject;
			attributes = {
				LastSwiftUpdateCheck = 1240;
				LastUpgradeCheck = 1240;
				TargetAttributes = {
					2B77D39925E3EFC400376E38 = {
						CreatedOnToolsVersion = 12.4;
					};
				};
			};
			buildConfigurationList = 2B77D39525E3EFC400376E38 /* Build configuration list for PBXProject "TestApp" */;
			compatibilityVersion = "Xcode 9.3";
			developmentRegion = en;
			hasScannedForEncodings = 0;
			knownRegions = (
				en,
				Base,
			);
			mainGroup = 2B77D39125E3EFC400376E38;
			productRefGroup = 2B77D39B25E3EFC400376E38 /* Products */;
			projectDirPath = "";
			projectRoot = "";
			targets = (
				2B77D39925E3EFC400376E38 /* TestApp */,
			);
		};
/* End PBXProject section */

/* Begin PBXResourcesBuildPhase section */
		2B77D39825E3EFC400376E38 /* Resources */ = {
			isa = PBXResourcesBuildPhase;
			buildActionMask = 2147483647;
			files = (
				2BF1443725F756A8002B07D2 /* yukon_charleyrivers.jpg in Resources */,
				2BF1443225F756A8002B07D2 /* stmarylake.jpg in Resources */,
				2BF1443525F756A8002B07D2 /* rainbowlake.jpg in Resources */,
				2BF1442D25F756A8002B07D2 /* turtlerock.jpg in Resources */,
				2BF143F625F74561002B07D2 /* Resources.xcassets in Resources */,
				2B77D3A525E3EFC500376E38 /* Preview Assets.xcassets in Resources */,
				2BF1443825F756A8002B07D2 /* twinlake.jpg in Resources */,
				2BF1443625F756A8002B07D2 /* chincoteague.jpg in Resources */,
				2BF1442E25F756A8002B07D2 /* chilkoottrail.jpg in Resources */,
				2BF1443425F756A8002B07D2 /* hiddenlake.jpg in Resources */,
				2BF1443125F756A8002B07D2 /* umbagog.jpg in Resources */,
				2BF1443025F756A8002B07D2 /* silversalmoncreek.jpg in Resources */,
				2B77D3A225E3EFC500376E38 /* Assets.xcassets in Resources */,
				2BF1443325F756A8002B07D2 /* icybay.jpg in Resources */,
				2BF1443925F756A8002B07D2 /* lakemcdonald.jpg in Resources */,
				2BF1442F25F756A8002B07D2 /* landmarkData.json in Resources */,
			);
			runOnlyForDeploymentPostprocessing = 0;
		};
/* End PBXResourcesBuildPhase section */

/* Begin PBXSourcesBuildPhase section */
		2B77D39625E3EFC400376E38 /* Sources */ = {
			isa = PBXSourcesBuildPhase;
			buildActionMask = 2147483647;
			files = (
				2BF1444925F7642B002B07D2 /* Data.swift in Sources */,
				2BD03E06260093D900FF1DDC /* Badge.swift in Sources */,
				2B77D3A025E3EFC400376E38 /* LandmarkDetail.swift in Sources */,
				2BF1440825F7490D002B07D2 /* MapView.swift in Sources */,
				2BD03E0B2600954400FF1DDC /* HexagonParameters.swift in Sources */,
				2BF1445325F9F052002B07D2 /* UserData.swift in Sources */,
				2BF1444E25F7669E002B07D2 /* LandmarkList.swift in Sources */,
				2B77D39E25E3EFC400376E38 /* TestAppApp.swift in Sources */,
				2BF1440325F7470A002B07D2 /* CircleImage.swift in Sources */,
				2BF1444225F75F34002B07D2 /* LandmarkRow.swift in Sources */,
				2BF1441825F75561002B07D2 /* Landmark.swift in Sources */,
			);
			runOnlyForDeploymentPostprocessing = 0;
		};
/* End PBXSourcesBuildPhase section */

/* Begin XCBuildConfiguration section */
		2B77D3BD25E3EFC600376E38 /* Debug */ = {
			isa = XCBuildConfiguration;
			buildSettings = {
				ALWAYS_SEARCH_USER_PATHS = NO;
				CLANG_ANALYZER_NONNULL = YES;
				CLANG_ANALYZER_NUMBER_OBJECT_CONVERSION = YES_AGGRESSIVE;
				CLANG_CXX_LANGUAGE_STANDARD = "gnu++14";
				CLANG_CXX_LIBRARY = "libc++";
				CLANG_ENABLE_MODULES = YES;
				CLANG_ENABLE_OBJC_ARC = YES;
				CLANG_ENABLE_OBJC_WEAK = YES;
				CLANG_WARN_BLOCK_CAPTURE_AUTORELEASING = YES;
				CLANG_WARN_BOOL_CONVERSION = YES;
				CLANG_WARN_COMMA = YES;
				CLANG_WARN_CONSTANT_CONVERSION = YES;
				CLANG_WARN_DEPRECATED_OBJC_IMPLEMENTATIONS = YES;
				CLANG_WARN_DIRECT_OBJC_ISA_USAGE = YES_ERROR;
				CLANG_WARN_DOCUMENTATION_COMMENTS = YES;
				CLANG_WARN_EMPTY_BODY = YES;
				CLANG_WARN_ENUM_CONVERSION = YES;
				CLANG_WARN_INFINITE_RECURSION = YES;
				CLANG_WARN_INT_CONVERSION = YES;
				CLANG_WARN_NON_LITERAL_NULL_CONVERSION = YES;
				CLANG_WARN_OBJC_IMPLICIT_RETAIN_SELF = YES;
				CLANG_WARN_OBJC_LITERAL_CONVERSION = YES;
				CLANG_WARN_OBJC_ROOT_CLASS = YES_ERROR;
				CLANG_WARN_QUOTED_INCLUDE_IN_FRAMEWORK_HEADER = YES;
				CLANG_WARN_RANGE_LOOP_ANALYSIS = YES;
				CLANG_WARN_STRICT_PROTOTYPES = YES;
				CLANG_WARN_SUSPICIOUS_MOVE = YES;
				CLANG_WARN_UNGUARDED_AVAILABILITY = YES_AGGRESSIVE;
				CLANG_WARN_UNREACHABLE_CODE = YES;
				CLANG_WARN__DUPLICATE_METHOD_MATCH = YES;
				COPY_PHASE_STRIP = NO;
				DEBUG_INFORMATION_FORMAT = dwarf;
				ENABLE_STRICT_OBJC_MSGSEND = YES;
				ENABLE_TESTABILITY = YES;
				GCC_C_LANGUAGE_STANDARD = gnu11;
				GCC_DYNAMIC_NO_PIC = NO;
				GCC_NO_COMMON_BLOCKS = YES;
				GCC_OPTIMIZATION_LEVEL = 0;
				GCC_PREPROCESSOR_DEFINITIONS = (
					"DEBUG=1",
					"$(inherited)",
				);
				GCC_WARN_64_TO_32_BIT_CONVERSION = YES;
				GCC_WARN_ABOUT_RETURN_TYPE = YES_ERROR;
				GCC_WARN_UNDECLARED_SELECTOR = YES;
				GCC_WARN_UNINITIALIZED_AUTOS = YES_AGGRESSIVE;
				GCC_WARN_UNUSED_FUNCTION = YES;
				GCC_WARN_UNUSED_VARIABLE = YES;
				IPHONEOS_DEPLOYMENT_TARGET = 14.4;
				MTL_ENABLE_DEBUG_INFO = INCLUDE_SOURCE;
				MTL_FAST_MATH = YES;
				ONLY_ACTIVE_ARCH = YES;
				SDKROOT = iphoneos;
				SWIFT_ACTIVE_COMPILATION_CONDITIONS = DEBUG;
				SWIFT_OPTIMIZATION_LEVEL = "-Onone";
			};
			name = Debug;
		};
		2B77D3BE25E3EFC600376E38 /* Release */ = {
			isa = XCBuildConfiguration;
			buildSettings = {
				ALWAYS_SEARCH_USER_PATHS = NO;
				CLANG_ANALYZER_NONNULL = YES;
				CLANG_ANALYZER_NUMBER_OBJECT_CONVERSION = YES_AGGRESSIVE;
				CLANG_CXX_LANGUAGE_STANDARD = "gnu++14";
				CLANG_CXX_LIBRARY = "libc++";
				CLANG_ENABLE_MODULES = YES;
				CLANG_ENABLE_OBJC_ARC = YES;
				CLANG_ENABLE_OBJC_WEAK = YES;
				CLANG_WARN_BLOCK_CAPTURE_AUTORELEASING = YES;
				CLANG_WARN_BOOL_CONVERSION = YES;
				CLANG_WARN_COMMA = YES;
				CLANG_WARN_CONSTANT_CONVERSION = YES;
				CLANG_WARN_DEPRECATED_OBJC_IMPLEMENTATIONS = YES;
				CLANG_WARN_DIRECT_OBJC_ISA_USAGE = YES_ERROR;
				CLANG_WARN_DOCUMENTATION_COMMENTS = YES;
				CLANG_WARN_EMPTY_BODY = YES;
				CLANG_WARN_ENUM_CONVERSION = YES;
				CLANG_WARN_INFINITE_RECURSION = YES;
				CLANG_WARN_INT_CONVERSION = YES;
				CLANG_WARN_NON_LITERAL_NULL_CONVERSION = YES;
				CLANG_WARN_OBJC_IMPLICIT_RETAIN_SELF = YES;
				CLANG_WARN_OBJC_LITERAL_CONVERSION = YES;
				CLANG_WARN_OBJC_ROOT_CLASS = YES_ERROR;
				CLANG_WARN_QUOTED_INCLUDE_IN_FRAMEWORK_HEADER = YES;
				CLANG_WARN_RANGE_LOOP_ANALYSIS = YES;
				CLANG_WARN_STRICT_PROTOTYPES = YES;
				CLANG_WARN_SUSPICIOUS_MOVE = YES;
				CLANG_WARN_UNGUARDED_AVAILABILITY = YES_AGGRESSIVE;
				CLANG_WARN_UNREACHABLE_CODE = YES;
				CLANG_WARN__DUPLICATE_METHOD_MATCH = YES;
				COPY_PHASE_STRIP = NO;
				DEBUG_INFORMATION_FORMAT = "dwarf-with-dsym";
				ENABLE_NS_ASSERTIONS = NO;
				ENABLE_STRICT_OBJC_MSGSEND = YES;
				GCC_C_LANGUAGE_STANDARD = gnu11;
				GCC_NO_COMMON_BLOCKS = YES;
				GCC_WARN_64_TO_32_BIT_CONVERSION = YES;
				GCC_WARN_ABOUT_RETURN_TYPE = YES_ERROR;
				GCC_WARN_UNDECLARED_SELECTOR = YES;
				GCC_WARN_UNINITIALIZED_AUTOS = YES_AGGRESSIVE;
				GCC_WARN_UNUSED_FUNCTION = YES;
				GCC_WARN_UNUSED_VARIABLE = YES;
				IPHONEOS_DEPLOYMENT_TARGET = 14.4;
				MTL_ENABLE_DEBUG_INFO = NO;
				MTL_FAST_MATH = YES;
				ONLY_ACTIVE_ARCH = YES;
				SDKROOT = iphoneos;
				SWIFT_COMPILATION_MODE = wholemodule;
				SWIFT_OPTIMIZATION_LEVEL = "-O";
				VALIDATE_PRODUCT = YES;
			};
			name = Release;
		};
		2B77D3C025E3EFC600376E38 /* Debug */ = {
			isa = XCBuildConfiguration;
			buildSettings = {
				ASSETCATALOG_COMPILER_APPICON_NAME = AppIcon;
				ASSETCATALOG_COMPILER_GLOBAL_ACCENT_COLOR_NAME = AccentColor;
				CODE_SIGN_STYLE = Automatic;
				DEVELOPMENT_ASSET_PATHS = "\"TestApp/Preview Content\"";
				ENABLE_PREVIEWS = YES;
				INFOPLIST_FILE = TestApp/Info.plist;
				IPHONEOS_DEPLOYMENT_TARGET = 14.0;
				LD_RUNPATH_SEARCH_PATHS = (
					"$(inherited)",
					"@executable_path/Frameworks",
				);
				PRODUCT_BUNDLE_IDENTIFIER = com.caoguangyao.TestApp;
				PRODUCT_NAME = "$(TARGET_NAME)";
				SWIFT_VERSION = 5.0;
				TARGETED_DEVICE_FAMILY = "1,2";
			};
			name = Debug;
		};
		2B77D3C125E3EFC600376E38 /* Release */ = {
			isa = XCBuildConfiguration;
			buildSettings = {
				ASSETCATALOG_COMPILER_APPICON_NAME = AppIcon;
				ASSETCATALOG_COMPILER_GLOBAL_ACCENT_COLOR_NAME = AccentColor;
				CODE_SIGN_STYLE = Automatic;
				DEVELOPMENT_ASSET_PATHS = "\"TestApp/Preview Content\"";
				ENABLE_PREVIEWS = YES;
				INFOPLIST_FILE = TestApp/Info.plist;
				IPHONEOS_DEPLOYMENT_TARGET = 14.0;
				LD_RUNPATH_SEARCH_PATHS = (
					"$(inherited)",
					"@executable_path/Frameworks",
				);
				PRODUCT_BUNDLE_IDENTIFIER = com.caoguangyao.TestApp;
				PRODUCT_NAME = "$(TARGET_NAME)";
				SWIFT_VERSION = 5.0;
				TARGETED_DEVICE_FAMILY = "1,2";
			};
			name = Release;
		};
/* End XCBuildConfiguration section */

/* Begin XCConfigurationList section */
		2B77D39525E3EFC400376E38 /* Build configuration list for PBXProject "TestApp" */ = {
			isa = XCConfigurationList;
			buildConfigurations = (
				2B77D3BD25E3EFC600376E38 /* Debug */,
				2B77D3BE25E3EFC600376E38 /* Release */,
			);
			defaultConfigurationIsVisible = 0;
			defaultConfigurationName = Release;
		};
		2B77D3BF25E3EFC600376E38 /* Build configuration list for PBXNativeTarget "TestApp" */ = {
			isa = XCConfigurationList;
			buildConfigurations = (
				2B77D3C025E3EFC600376E38 /* Debug */,
				2B77D3C125E3EFC600376E38 /* Release */,
			);
			defaultConfigurationIsVisible = 0;
			defaultConfigurationName = Release;
		};
/* End XCConfigurationList section */
	};
	rootObject = 2B77D39225E3EFC400376E38 /* Project object */;
}
